
Microsoft Visual Studio Solution File, Format Version 12.00
Project("{FAE04EC0-301F-11D3-BF4B-00C04F79EFBC}") = "HaroohieDataOvermind", "HaroohieDataOvermind\HaroohieDataOvermind.csproj", "{FF9D38FA-84E7-4C97-A18E-792D751CDC24}"
EndProject
Global
	GlobalSection(SolutionConfigurationPlatforms) = preSolution
		Debug|Any CPU = Debug|Any CPU
		Release|Any CPU = Release|Any CPU
	EndGlobalSection
	GlobalSection(ProjectConfigurationPlatforms) = postSolution
		{FF9D38FA-84E7-4C97-A18E-792D751CDC24}.Debug|Any CPU.ActiveCfg = Debug|Any CPU
		{FF9D38FA-84E7-4C97-A18E-792D751CDC24}.Debug|Any CPU.Build.0 = Debug|Any CPU
		{FF9D38FA-84E7-4C97-A18E-792D751CDC24}.Release|Any CPU.ActiveCfg = Release|Any CPU
		{FF9D38FA-84E7-4C97-A18E-792D751CDC24}.Release|Any CPU.Build.0 = Release|Any CPU
	EndGlobalSection
EndGlobal
